
Microsoft Visual Studio Solution File, Format Version 12.00
# Visual Studio Version 17
VisualStudioVersion = 17.14.36414.22
MinimumVisualStudioVersion = 10.0.40219.1
Project("{FAE04EC0-301F-11D3-BF4B-00C04F79EFBC}") = "EmployeeAdminPortal", "EpmloyeeAdminPortal\EmployeeAdminPortal.csproj", "{B11F8FD2-E456-4FD1-B01A-364C423FA25E}"
EndProject
Project("{FAE04EC0-301F-11D3-BF4B-00C04F79EFBC}") = "EmployeeAdminPortal.Tests", "EpmloyeeAdminPortal.Tests\EmployeeAdminPortal.Tests.csproj", "{A49FE22E-07C0-457B-AF76-32FE16E2841B}"
EndProject
Global
	GlobalSection(SolutionConfigurationPlatforms) = preSolution
		Debug|Any CPU = Debug|Any CPU
		Release|Any CPU = Release|Any CPU
	EndGlobalSection
	GlobalSection(ProjectConfigurationPlatforms) = postSolution
		{B11F8FD2-E456-4FD1-B01A-364C423FA25E}.Debug|Any CPU.ActiveCfg = Debug|Any CPU
		{B11F8FD2-E456-4FD1-B01A-364C423FA25E}.Debug|Any CPU.Build.0 = Debug|Any CPU
		{B11F8FD2-E456-4FD1-B01A-364C423FA25E}.Release|Any CPU.ActiveCfg = Release|Any CPU
		{B11F8FD2-E456-4FD1-B01A-364C423FA25E}.Release|Any CPU.Build.0 = Release|Any CPU
		{A49FE22E-07C0-457B-AF76-32FE16E2841B}.Debug|Any CPU.ActiveCfg = Debug|Any CPU
		{A49FE22E-07C0-457B-AF76-32FE16E2841B}.Debug|Any CPU.Build.0 = Debug|Any CPU
		{A49FE22E-07C0-457B-AF76-32FE16E2841B}.Release|Any CPU.ActiveCfg = Release|Any CPU
		{A49FE22E-07C0-457B-AF76-32FE16E2841B}.Release|Any CPU.Build.0 = Release|Any CPU
	EndGlobalSection
	GlobalSection(SolutionProperties) = preSolution
		HideSolutionNode = FALSE
	EndGlobalSection
	GlobalSection(ExtensibilityGlobals) = postSolution
		SolutionGuid = {FE496194-4FAD-4CC6-BF7B-6B93215BA56A}
	EndGlobalSection
EndGlobal
